
Microsoft Visual Studio Solution File, Format Version 12.00
# Visual Studio Version 17
VisualStudioVersion = 17.0.31903.59
MinimumVisualStudioVersion = 10.0.40219.1
Project("{FAE04EC0-301F-11D3-BF4B-00C04F79EFBC}") = "API", "API\API.csproj", "{A7C38BB9-3E76-4CF7-9624-2293B61FC6A8}"
EndProject
Project("{FAE04EC0-301F-11D3-BF4B-00C04F79EFBC}") = "Application", "Application\Application.csproj", "{96A4BACA-F939-4E20-AF47-E1365E6AA818}"
EndProject
Project("{FAE04EC0-301F-11D3-BF4B-00C04F79EFBC}") = "Domain", "Domain\Domain.csproj", "{B782E902-045D-406B-B8A6-0BEBF15355D0}"
EndProject
Project("{FAE04EC0-301F-11D3-BF4B-00C04F79EFBC}") = "Persistence", "Persistence\Persistence.csproj", "{4928047F-98E8-4651-A01F-4C36606AE866}"
EndProject
Global
	GlobalSection(SolutionConfigurationPlatforms) = preSolution
		Debug|Any CPU = Debug|Any CPU
		Release|Any CPU = Release|Any CPU
	EndGlobalSection
	GlobalSection(SolutionProperties) = preSolution
		HideSolutionNode = FALSE
	EndGlobalSection
	GlobalSection(ProjectConfigurationPlatforms) = postSolution
		{A7C38BB9-3E76-4CF7-9624-2293B61FC6A8}.Debug|Any CPU.ActiveCfg = Debug|Any CPU
		{A7C38BB9-3E76-4CF7-9624-2293B61FC6A8}.Debug|Any CPU.Build.0 = Debug|Any CPU
		{A7C38BB9-3E76-4CF7-9624-2293B61FC6A8}.Release|Any CPU.ActiveCfg = Release|Any CPU
		{A7C38BB9-3E76-4CF7-9624-2293B61FC6A8}.Release|Any CPU.Build.0 = Release|Any CPU
		{96A4BACA-F939-4E20-AF47-E1365E6AA818}.Debug|Any CPU.ActiveCfg = Debug|Any CPU
		{96A4BACA-F939-4E20-AF47-E1365E6AA818}.Debug|Any CPU.Build.0 = Debug|Any CPU
		{96A4BACA-F939-4E20-AF47-E1365E6AA818}.Release|Any CPU.ActiveCfg = Release|Any CPU
		{96A4BACA-F939-4E20-AF47-E1365E6AA818}.Release|Any CPU.Build.0 = Release|Any CPU
		{B782E902-045D-406B-B8A6-0BEBF15355D0}.Debug|Any CPU.ActiveCfg = Debug|Any CPU
		{B782E902-045D-406B-B8A6-0BEBF15355D0}.Debug|Any CPU.Build.0 = Debug|Any CPU
		{B782E902-045D-406B-B8A6-0BEBF15355D0}.Release|Any CPU.ActiveCfg = Release|Any CPU
		{B782E902-045D-406B-B8A6-0BEBF15355D0}.Release|Any CPU.Build.0 = Release|Any CPU
		{4928047F-98E8-4651-A01F-4C36606AE866}.Debug|Any CPU.ActiveCfg = Debug|Any CPU
		{4928047F-98E8-4651-A01F-4C36606AE866}.Debug|Any CPU.Build.0 = Debug|Any CPU
		{4928047F-98E8-4651-A01F-4C36606AE866}.Release|Any CPU.ActiveCfg = Release|Any CPU
		{4928047F-98E8-4651-A01F-4C36606AE866}.Release|Any CPU.Build.0 = Release|Any CPU
	EndGlobalSection
EndGlobal
